// !$*UTF8*$!
{
	archiveVersion = 1;
	classes = {
	};
	objectVersion = 46;
	objects = {

/* Begin PBXBuildFile section */
		3405243D1C99B7E1007ADC08 /* NewGameViewController.swift in Sources */ = {isa = PBXBuildFile; fileRef = 3405243C1C99B7E1007ADC08 /* NewGameViewController.swift */; };
		340524401C99BF83007ADC08 /* GameChooserView.swift in Sources */ = {isa = PBXBuildFile; fileRef = 3405243F1C99BF83007ADC08 /* GameChooserView.swift */; };
		340524421C99BF91007ADC08 /* GameChooserView.xib in Resources */ = {isa = PBXBuildFile; fileRef = 340524411C99BF91007ADC08 /* GameChooserView.xib */; };
		340524481C99ED4F007ADC08 /* RPSMainViewController.swift in Sources */ = {isa = PBXBuildFile; fileRef = 340524471C99ED4F007ADC08 /* RPSMainViewController.swift */; };
		3405244A1C99F203007ADC08 /* MenuViewController.swift in Sources */ = {isa = PBXBuildFile; fileRef = 340524491C99F203007ADC08 /* MenuViewController.swift */; };
		3405244C1C99F45C007ADC08 /* MenuTableViewCell.swift in Sources */ = {isa = PBXBuildFile; fileRef = 3405244B1C99F45C007ADC08 /* MenuTableViewCell.swift */; };
		3405244E1C99F4FC007ADC08 /* MenuTableViewCell.xib in Resources */ = {isa = PBXBuildFile; fileRef = 3405244D1C99F4FC007ADC08 /* MenuTableViewCell.xib */; };
		3406CD921C9C6BAE0012A253 /* WelcomeViewController.swift in Sources */ = {isa = PBXBuildFile; fileRef = 3406CD911C9C6BAE0012A253 /* WelcomeViewController.swift */; };
		3406CD971C9C84990012A253 /* SingleGameViewController.swift in Sources */ = {isa = PBXBuildFile; fileRef = 3406CD961C9C84990012A253 /* SingleGameViewController.swift */; };
		3406CD991C9C84AE0012A253 /* SingleGameReadyViewController.swift in Sources */ = {isa = PBXBuildFile; fileRef = 3406CD981C9C84AE0012A253 /* SingleGameReadyViewController.swift */; };
		3406CD9B1C9C95990012A253 /* GameInfoViewController.swift in Sources */ = {isa = PBXBuildFile; fileRef = 3406CD9A1C9C95990012A253 /* GameInfoViewController.swift */; };
		340C951D1C99AE78006BB5CC /* AppDelegate.swift in Sources */ = {isa = PBXBuildFile; fileRef = 340C951C1C99AE78006BB5CC /* AppDelegate.swift */; };
		340C95221C99AE78006BB5CC /* Main.storyboard in Resources */ = {isa = PBXBuildFile; fileRef = 340C95201C99AE78006BB5CC /* Main.storyboard */; };
		340C95241C99AE78006BB5CC /* Assets.xcassets in Resources */ = {isa = PBXBuildFile; fileRef = 340C95231C99AE78006BB5CC /* Assets.xcassets */; };
		340C95271C99AE78006BB5CC /* LaunchScreen.storyboard in Resources */ = {isa = PBXBuildFile; fileRef = 340C95251C99AE78006BB5CC /* LaunchScreen.storyboard */; };
		340C95321C99AE78006BB5CC /* Rock_Paper_ScissorsTests.swift in Sources */ = {isa = PBXBuildFile; fileRef = 340C95311C99AE78006BB5CC /* Rock_Paper_ScissorsTests.swift */; };
		340C953D1C99AE78006BB5CC /* Rock_Paper_ScissorsUITests.swift in Sources */ = {isa = PBXBuildFile; fileRef = 340C953C1C99AE78006BB5CC /* Rock_Paper_ScissorsUITests.swift */; };
		345B4FF51CA04D3100B3680F /* CharacterChooserView.swift in Sources */ = {isa = PBXBuildFile; fileRef = 345B4FF41CA04D3100B3680F /* CharacterChooserView.swift */; };
		345B4FF71CA04DA300B3680F /* CharacterChooserView.xib in Resources */ = {isa = PBXBuildFile; fileRef = 345B4FF61CA04DA300B3680F /* CharacterChooserView.xib */; };
		345B50011CA0534F00B3680F /* QuartzCore.framework in Frameworks */ = {isa = PBXBuildFile; fileRef = 345B50001CA0534F00B3680F /* QuartzCore.framework */; };
		345B50121CA058DD00B3680F /* paper_deselect.gif in Resources */ = {isa = PBXBuildFile; fileRef = 345B50031CA058DD00B3680F /* paper_deselect.gif */; };
		345B50131CA058DD00B3680F /* paper_loss.gif in Resources */ = {isa = PBXBuildFile; fileRef = 345B50041CA058DD00B3680F /* paper_loss.gif */; };
		345B50141CA058DD00B3680F /* paper_select.gif in Resources */ = {isa = PBXBuildFile; fileRef = 345B50051CA058DD00B3680F /* paper_select.gif */; };
		345B50151CA058DD00B3680F /* paper_tie.gif in Resources */ = {isa = PBXBuildFile; fileRef = 345B50061CA058DD00B3680F /* paper_tie.gif */; };
		345B50161CA058DD00B3680F /* paper_win.gif in Resources */ = {isa = PBXBuildFile; fileRef = 345B50071CA058DD00B3680F /* paper_win.gif */; };
		345B50171CA058DD00B3680F /* rock_deselect.gif in Resources */ = {isa = PBXBuildFile; fileRef = 345B50081CA058DD00B3680F /* rock_deselect.gif */; };
		345B50181CA058DD00B3680F /* rock_loss.gif in Resources */ = {isa = PBXBuildFile; fileRef = 345B50091CA058DD00B3680F /* rock_loss.gif */; };
		345B50191CA058DD00B3680F /* rock_select.gif in Resources */ = {isa = PBXBuildFile; fileRef = 345B500A1CA058DD00B3680F /* rock_select.gif */; };
		345B501A1CA058DD00B3680F /* rock_tie.gif in Resources */ = {isa = PBXBuildFile; fileRef = 345B500B1CA058DD00B3680F /* rock_tie.gif */; };
		345B501B1CA058DD00B3680F /* rock_win.gif in Resources */ = {isa = PBXBuildFile; fileRef = 345B500C1CA058DD00B3680F /* rock_win.gif */; };
		345B501C1CA058DD00B3680F /* scissors_deselect.gif in Resources */ = {isa = PBXBuildFile; fileRef = 345B500D1CA058DD00B3680F /* scissors_deselect.gif */; };
		345B501D1CA058DD00B3680F /* scissors_loss.gif in Resources */ = {isa = PBXBuildFile; fileRef = 345B500E1CA058DD00B3680F /* scissors_loss.gif */; };
		345B501E1CA058DD00B3680F /* scissors_select.gif in Resources */ = {isa = PBXBuildFile; fileRef = 345B500F1CA058DD00B3680F /* scissors_select.gif */; };
		345B501F1CA058DD00B3680F /* scissors_tie.gif in Resources */ = {isa = PBXBuildFile; fileRef = 345B50101CA058DD00B3680F /* scissors_tie.gif */; };
		345B50201CA058DD00B3680F /* scissors_win.gif in Resources */ = {isa = PBXBuildFile; fileRef = 345B50111CA058DD00B3680F /* scissors_win.gif */; };
		345B50251CA08A5B00B3680F /* FLAnimatedImage.m in Sources */ = {isa = PBXBuildFile; fileRef = 345B50221CA08A5B00B3680F /* FLAnimatedImage.m */; };
		345B50261CA08A5B00B3680F /* FLAnimatedImageView.m in Sources */ = {isa = PBXBuildFile; fileRef = 345B50241CA08A5B00B3680F /* FLAnimatedImageView.m */; };
		34BC66471C9AF85C0010EF75 /* AboutViewController.swift in Sources */ = {isa = PBXBuildFile; fileRef = 34BC66461C9AF85C0010EF75 /* AboutViewController.swift */; };
		A090442F0A57F4FF2BB8662E /* libPods-Rock Paper Scissors.a in Frameworks */ = {isa = PBXBuildFile; fileRef = 27449F21A46880200B6D3450 /* libPods-Rock Paper Scissors.a */; };
/* End PBXBuildFile section */

/* Begin PBXContainerItemProxy section */
		340C952E1C99AE78006BB5CC /* PBXContainerItemProxy */ = {
			isa = PBXContainerItemProxy;
			containerPortal = 340C95111C99AE78006BB5CC /* Project object */;
			proxyType = 1;
			remoteGlobalIDString = 340C95181C99AE78006BB5CC;
			remoteInfo = "Rock Paper Scissors";
		};
		340C95391C99AE78006BB5CC /* PBXContainerItemProxy */ = {
			isa = PBXContainerItemProxy;
			containerPortal = 340C95111C99AE78006BB5CC /* Project object */;
			proxyType = 1;
			remoteGlobalIDString = 340C95181C99AE78006BB5CC;
			remoteInfo = "Rock Paper Scissors";
		};
/* End PBXContainerItemProxy section */

/* Begin PBXFileReference section */
		12BC0CCADD341AA3AEB7158A /* Pods-Rock Paper Scissors.release.xcconfig */ = {isa = PBXFileReference; includeInIndex = 1; lastKnownFileType = text.xcconfig; name = "Pods-Rock Paper Scissors.release.xcconfig"; path = "Pods/Target Support Files/Pods-Rock Paper Scissors/Pods-Rock Paper Scissors.release.xcconfig"; sourceTree = "<group>"; };
		27449F21A46880200B6D3450 /* libPods-Rock Paper Scissors.a */ = {isa = PBXFileReference; explicitFileType = archive.ar; includeInIndex = 0; path = "libPods-Rock Paper Scissors.a"; sourceTree = BUILT_PRODUCTS_DIR; };
		3405243C1C99B7E1007ADC08 /* NewGameViewController.swift */ = {isa = PBXFileReference; fileEncoding = 4; lastKnownFileType = sourcecode.swift; path = NewGameViewController.swift; sourceTree = "<group>"; };
		3405243F1C99BF83007ADC08 /* GameChooserView.swift */ = {isa = PBXFileReference; fileEncoding = 4; lastKnownFileType = sourcecode.swift; path = GameChooserView.swift; sourceTree = "<group>"; };
		340524411C99BF91007ADC08 /* GameChooserView.xib */ = {isa = PBXFileReference; fileEncoding = 4; lastKnownFileType = file.xib; path = GameChooserView.xib; sourceTree = "<group>"; };
		340524471C99ED4F007ADC08 /* RPSMainViewController.swift */ = {isa = PBXFileReference; fileEncoding = 4; lastKnownFileType = sourcecode.swift; path = RPSMainViewController.swift; sourceTree = "<group>"; };
		340524491C99F203007ADC08 /* MenuViewController.swift */ = {isa = PBXFileReference; fileEncoding = 4; lastKnownFileType = sourcecode.swift; path = MenuViewController.swift; sourceTree = "<group>"; };
		3405244B1C99F45C007ADC08 /* MenuTableViewCell.swift */ = {isa = PBXFileReference; fileEncoding = 4; lastKnownFileType = sourcecode.swift; path = MenuTableViewCell.swift; sourceTree = "<group>"; };
		3405244D1C99F4FC007ADC08 /* MenuTableViewCell.xib */ = {isa = PBXFileReference; fileEncoding = 4; lastKnownFileType = file.xib; path = MenuTableViewCell.xib; sourceTree = "<group>"; };
		3406CD911C9C6BAE0012A253 /* WelcomeViewController.swift */ = {isa = PBXFileReference; fileEncoding = 4; lastKnownFileType = sourcecode.swift; path = WelcomeViewController.swift; sourceTree = "<group>"; };
		3406CD961C9C84990012A253 /* SingleGameViewController.swift */ = {isa = PBXFileReference; fileEncoding = 4; lastKnownFileType = sourcecode.swift; path = SingleGameViewController.swift; sourceTree = "<group>"; };
		3406CD981C9C84AE0012A253 /* SingleGameReadyViewController.swift */ = {isa = PBXFileReference; fileEncoding = 4; lastKnownFileType = sourcecode.swift; path = SingleGameReadyViewController.swift; sourceTree = "<group>"; };
		3406CD9A1C9C95990012A253 /* GameInfoViewController.swift */ = {isa = PBXFileReference; fileEncoding = 4; lastKnownFileType = sourcecode.swift; path = GameInfoViewController.swift; sourceTree = "<group>"; };
		340C95191C99AE78006BB5CC /* Rock Paper Scissors.app */ = {isa = PBXFileReference; explicitFileType = wrapper.application; includeInIndex = 0; path = "Rock Paper Scissors.app"; sourceTree = BUILT_PRODUCTS_DIR; };
		340C951C1C99AE78006BB5CC /* AppDelegate.swift */ = {isa = PBXFileReference; lastKnownFileType = sourcecode.swift; path = AppDelegate.swift; sourceTree = "<group>"; };
		340C95211C99AE78006BB5CC /* Base */ = {isa = PBXFileReference; lastKnownFileType = file.storyboard; name = Base; path = Base.lproj/Main.storyboard; sourceTree = "<group>"; };
		340C95231C99AE78006BB5CC /* Assets.xcassets */ = {isa = PBXFileReference; lastKnownFileType = folder.assetcatalog; path = Assets.xcassets; sourceTree = "<group>"; };
		340C95261C99AE78006BB5CC /* Base */ = {isa = PBXFileReference; lastKnownFileType = file.storyboard; name = Base; path = Base.lproj/LaunchScreen.storyboard; sourceTree = "<group>"; };
		340C95281C99AE78006BB5CC /* Info.plist */ = {isa = PBXFileReference; lastKnownFileType = text.plist.xml; path = Info.plist; sourceTree = "<group>"; };
		340C952D1C99AE78006BB5CC /* Rock Paper ScissorsTests.xctest */ = {isa = PBXFileReference; explicitFileType = wrapper.cfbundle; includeInIndex = 0; path = "Rock Paper ScissorsTests.xctest"; sourceTree = BUILT_PRODUCTS_DIR; };
		340C95311C99AE78006BB5CC /* Rock_Paper_ScissorsTests.swift */ = {isa = PBXFileReference; lastKnownFileType = sourcecode.swift; path = Rock_Paper_ScissorsTests.swift; sourceTree = "<group>"; };
		340C95331C99AE78006BB5CC /* Info.plist */ = {isa = PBXFileReference; lastKnownFileType = text.plist.xml; path = Info.plist; sourceTree = "<group>"; };
		340C95381C99AE78006BB5CC /* Rock Paper ScissorsUITests.xctest */ = {isa = PBXFileReference; explicitFileType = wrapper.cfbundle; includeInIndex = 0; path = "Rock Paper ScissorsUITests.xctest"; sourceTree = BUILT_PRODUCTS_DIR; };
		340C953C1C99AE78006BB5CC /* Rock_Paper_ScissorsUITests.swift */ = {isa = PBXFileReference; lastKnownFileType = sourcecode.swift; path = Rock_Paper_ScissorsUITests.swift; sourceTree = "<group>"; };
		340C953E1C99AE78006BB5CC /* Info.plist */ = {isa = PBXFileReference; lastKnownFileType = text.plist.xml; path = Info.plist; sourceTree = "<group>"; };
		345B4FF41CA04D3100B3680F /* CharacterChooserView.swift */ = {isa = PBXFileReference; fileEncoding = 4; lastKnownFileType = sourcecode.swift; path = CharacterChooserView.swift; sourceTree = "<group>"; };
		345B4FF61CA04DA300B3680F /* CharacterChooserView.xib */ = {isa = PBXFileReference; fileEncoding = 4; lastKnownFileType = file.xib; path = CharacterChooserView.xib; sourceTree = "<group>"; };
		345B4FF91CA0521F00B3680F /* Rock Paper Scissors-Bridging-Header.h */ = {isa = PBXFileReference; lastKnownFileType = sourcecode.c.h; path = "Rock Paper Scissors-Bridging-Header.h"; sourceTree = "<group>"; };
		345B50001CA0534F00B3680F /* QuartzCore.framework */ = {isa = PBXFileReference; lastKnownFileType = wrapper.framework; name = QuartzCore.framework; path = System/Library/Frameworks/QuartzCore.framework; sourceTree = SDKROOT; };
		345B50031CA058DD00B3680F /* paper_deselect.gif */ = {isa = PBXFileReference; lastKnownFileType = image.gif; path = paper_deselect.gif; sourceTree = "<group>"; };
		345B50041CA058DD00B3680F /* paper_loss.gif */ = {isa = PBXFileReference; lastKnownFileType = image.gif; path = paper_loss.gif; sourceTree = "<group>"; };
		345B50051CA058DD00B3680F /* paper_select.gif */ = {isa = PBXFileReference; lastKnownFileType = image.gif; path = paper_select.gif; sourceTree = "<group>"; };
		345B50061CA058DD00B3680F /* paper_tie.gif */ = {isa = PBXFileReference; lastKnownFileType = image.gif; path = paper_tie.gif; sourceTree = "<group>"; };
		345B50071CA058DD00B3680F /* paper_win.gif */ = {isa = PBXFileReference; lastKnownFileType = image.gif; path = paper_win.gif; sourceTree = "<group>"; };
		345B50081CA058DD00B3680F /* rock_deselect.gif */ = {isa = PBXFileReference; lastKnownFileType = image.gif; path = rock_deselect.gif; sourceTree = "<group>"; };
		345B50091CA058DD00B3680F /* rock_loss.gif */ = {isa = PBXFileReference; lastKnownFileType = image.gif; path = rock_loss.gif; sourceTree = "<group>"; };
		345B500A1CA058DD00B3680F /* rock_select.gif */ = {isa = PBXFileReference; lastKnownFileType = image.gif; path = rock_select.gif; sourceTree = "<group>"; };
		345B500B1CA058DD00B3680F /* rock_tie.gif */ = {isa = PBXFileReference; lastKnownFileType = image.gif; path = rock_tie.gif; sourceTree = "<group>"; };
		345B500C1CA058DD00B3680F /* rock_win.gif */ = {isa = PBXFileReference; lastKnownFileType = image.gif; path = rock_win.gif; sourceTree = "<group>"; };
		345B500D1CA058DD00B3680F /* scissors_deselect.gif */ = {isa = PBXFileReference; lastKnownFileType = image.gif; path = scissors_deselect.gif; sourceTree = "<group>"; };
		345B500E1CA058DD00B3680F /* scissors_loss.gif */ = {isa = PBXFileReference; lastKnownFileType = image.gif; path = scissors_loss.gif; sourceTree = "<group>"; };
		345B500F1CA058DD00B3680F /* scissors_select.gif */ = {isa = PBXFileReference; lastKnownFileType = image.gif; path = scissors_select.gif; sourceTree = "<group>"; };
		345B50101CA058DD00B3680F /* scissors_tie.gif */ = {isa = PBXFileReference; lastKnownFileType = image.gif; path = scissors_tie.gif; sourceTree = "<group>"; };
		345B50111CA058DD00B3680F /* scissors_win.gif */ = {isa = PBXFileReference; lastKnownFileType = image.gif; path = scissors_win.gif; sourceTree = "<group>"; };
		345B50211CA08A5B00B3680F /* FLAnimatedImage.h */ = {isa = PBXFileReference; fileEncoding = 4; lastKnownFileType = sourcecode.c.h; path = FLAnimatedImage.h; sourceTree = "<group>"; };
		345B50221CA08A5B00B3680F /* FLAnimatedImage.m */ = {isa = PBXFileReference; fileEncoding = 4; lastKnownFileType = sourcecode.c.objc; path = FLAnimatedImage.m; sourceTree = "<group>"; };
		345B50231CA08A5B00B3680F /* FLAnimatedImageView.h */ = {isa = PBXFileReference; fileEncoding = 4; lastKnownFileType = sourcecode.c.h; path = FLAnimatedImageView.h; sourceTree = "<group>"; };
		345B50241CA08A5B00B3680F /* FLAnimatedImageView.m */ = {isa = PBXFileReference; fileEncoding = 4; lastKnownFileType = sourcecode.c.objc; path = FLAnimatedImageView.m; sourceTree = "<group>"; };
		34BC66461C9AF85C0010EF75 /* AboutViewController.swift */ = {isa = PBXFileReference; fileEncoding = 4; lastKnownFileType = sourcecode.swift; path = AboutViewController.swift; sourceTree = "<group>"; };
		82D0C36D87D37F75DDEC6371 /* Pods-Rock Paper Scissors.debug.xcconfig */ = {isa = PBXFileReference; includeInIndex = 1; lastKnownFileType = text.xcconfig; name = "Pods-Rock Paper Scissors.debug.xcconfig"; path = "Pods/Target Support Files/Pods-Rock Paper Scissors/Pods-Rock Paper Scissors.debug.xcconfig"; sourceTree = "<group>"; };
/* End PBXFileReference section */

/* Begin PBXFrameworksBuildPhase section */
		340C95161C99AE78006BB5CC /* Frameworks */ = {
			isa = PBXFrameworksBuildPhase;
			buildActionMask = 2147483647;
			files = (
				345B50011CA0534F00B3680F /* QuartzCore.framework in Frameworks */,
				A090442F0A57F4FF2BB8662E /* libPods-Rock Paper Scissors.a in Frameworks */,
			);
			runOnlyForDeploymentPostprocessing = 0;
		};
		340C952A1C99AE78006BB5CC /* Frameworks */ = {
			isa = PBXFrameworksBuildPhase;
			buildActionMask = 2147483647;
			files = (
			);
			runOnlyForDeploymentPostprocessing = 0;
		};
		340C95351C99AE78006BB5CC /* Frameworks */ = {
			isa = PBXFrameworksBuildPhase;
			buildActionMask = 2147483647;
			files = (
			);
			runOnlyForDeploymentPostprocessing = 0;
		};
/* End PBXFrameworksBuildPhase section */

/* Begin PBXGroup section */
		3405243B1C99B7A0007ADC08 /* Controllers */ = {
			isa = PBXGroup;
			children = (
				3406CD911C9C6BAE0012A253 /* WelcomeViewController.swift */,
				340524491C99F203007ADC08 /* MenuViewController.swift */,
				340524471C99ED4F007ADC08 /* RPSMainViewController.swift */,
				3405243C1C99B7E1007ADC08 /* NewGameViewController.swift */,
				34BC66461C9AF85C0010EF75 /* AboutViewController.swift */,
				3406CD951C9C84500012A253 /* GamePlay */,
			);
			name = Controllers;
			sourceTree = "<group>";
		};
		3405243E1C99B7F1007ADC08 /* Views */ = {
			isa = PBXGroup;
			children = (
				3405243F1C99BF83007ADC08 /* GameChooserView.swift */,
				340524411C99BF91007ADC08 /* GameChooserView.xib */,
				3405244B1C99F45C007ADC08 /* MenuTableViewCell.swift */,
				3405244D1C99F4FC007ADC08 /* MenuTableViewCell.xib */,
				345B4FF41CA04D3100B3680F /* CharacterChooserView.swift */,
				345B4FF61CA04DA300B3680F /* CharacterChooserView.xib */,
			);
			name = Views;
			sourceTree = "<group>";
		};
		3406CD951C9C84500012A253 /* GamePlay */ = {
			isa = PBXGroup;
			children = (
				3406CD961C9C84990012A253 /* SingleGameViewController.swift */,
				3406CD981C9C84AE0012A253 /* SingleGameReadyViewController.swift */,
				3406CD9A1C9C95990012A253 /* GameInfoViewController.swift */,
			);
			name = GamePlay;
			sourceTree = "<group>";
		};
		340C95101C99AE78006BB5CC = {
			isa = PBXGroup;
			children = (
				340C951B1C99AE78006BB5CC /* Rock Paper Scissors */,
				340C95301C99AE78006BB5CC /* Rock Paper ScissorsTests */,
				340C953B1C99AE78006BB5CC /* Rock Paper ScissorsUITests */,
				340C951A1C99AE78006BB5CC /* Products */,
				78CD227B4DA6BBE7F0AA6B1A /* Pods */,
				C482A17018B3C2D5D5593F7C /* Frameworks */,
			);
			sourceTree = "<group>";
		};
		340C951A1C99AE78006BB5CC /* Products */ = {
			isa = PBXGroup;
			children = (
				340C95191C99AE78006BB5CC /* Rock Paper Scissors.app */,
				340C952D1C99AE78006BB5CC /* Rock Paper ScissorsTests.xctest */,
				340C95381C99AE78006BB5CC /* Rock Paper ScissorsUITests.xctest */,
			);
			name = Products;
			sourceTree = "<group>";
		};
		340C951B1C99AE78006BB5CC /* Rock Paper Scissors */ = {
			isa = PBXGroup;
			children = (
				340C951C1C99AE78006BB5CC /* AppDelegate.swift */,
				3405243B1C99B7A0007ADC08 /* Controllers */,
				3405243E1C99B7F1007ADC08 /* Views */,
				345B4FF81CA0518800B3680F /* Resources */,
				340C95201C99AE78006BB5CC /* Main.storyboard */,
				340C95231C99AE78006BB5CC /* Assets.xcassets */,
				340C95251C99AE78006BB5CC /* LaunchScreen.storyboard */,
				340C95281C99AE78006BB5CC /* Info.plist */,
			);
			path = "Rock Paper Scissors";
			sourceTree = "<group>";
		};
		340C95301C99AE78006BB5CC /* Rock Paper ScissorsTests */ = {
			isa = PBXGroup;
			children = (
				340C95311C99AE78006BB5CC /* Rock_Paper_ScissorsTests.swift */,
				340C95331C99AE78006BB5CC /* Info.plist */,
			);
			path = "Rock Paper ScissorsTests";
			sourceTree = "<group>";
		};
		340C953B1C99AE78006BB5CC /* Rock Paper ScissorsUITests */ = {
			isa = PBXGroup;
			children = (
				340C953C1C99AE78006BB5CC /* Rock_Paper_ScissorsUITests.swift */,
				340C953E1C99AE78006BB5CC /* Info.plist */,
			);
			path = "Rock Paper ScissorsUITests";
			sourceTree = "<group>";
		};
		345B4FF81CA0518800B3680F /* Resources */ = {
			isa = PBXGroup;
			children = (
				345B50021CA0584900B3680F /* Gifs */,
				345B50211CA08A5B00B3680F /* FLAnimatedImage.h */,
				345B50221CA08A5B00B3680F /* FLAnimatedImage.m */,
				345B50231CA08A5B00B3680F /* FLAnimatedImageView.h */,
				345B50241CA08A5B00B3680F /* FLAnimatedImageView.m */,
				345B4FF91CA0521F00B3680F /* Rock Paper Scissors-Bridging-Header.h */,
			);
			name = Resources;
			sourceTree = "<group>";
		};
		345B50021CA0584900B3680F /* Gifs */ = {
			isa = PBXGroup;
			children = (
				345B50031CA058DD00B3680F /* paper_deselect.gif */,
				345B50041CA058DD00B3680F /* paper_loss.gif */,
				345B50051CA058DD00B3680F /* paper_select.gif */,
				345B50061CA058DD00B3680F /* paper_tie.gif */,
				345B50071CA058DD00B3680F /* paper_win.gif */,
				345B50081CA058DD00B3680F /* rock_deselect.gif */,
				345B50091CA058DD00B3680F /* rock_loss.gif */,
				345B500A1CA058DD00B3680F /* rock_select.gif */,
				345B500B1CA058DD00B3680F /* rock_tie.gif */,
				345B500C1CA058DD00B3680F /* rock_win.gif */,
				345B500D1CA058DD00B3680F /* scissors_deselect.gif */,
				345B500E1CA058DD00B3680F /* scissors_loss.gif */,
				345B500F1CA058DD00B3680F /* scissors_select.gif */,
				345B50101CA058DD00B3680F /* scissors_tie.gif */,
				345B50111CA058DD00B3680F /* scissors_win.gif */,
			);
			name = Gifs;
			sourceTree = "<group>";
		};
		78CD227B4DA6BBE7F0AA6B1A /* Pods */ = {
			isa = PBXGroup;
			children = (
				82D0C36D87D37F75DDEC6371 /* Pods-Rock Paper Scissors.debug.xcconfig */,
				12BC0CCADD341AA3AEB7158A /* Pods-Rock Paper Scissors.release.xcconfig */,
			);
			name = Pods;
			sourceTree = "<group>";
		};
		C482A17018B3C2D5D5593F7C /* Frameworks */ = {
			isa = PBXGroup;
			children = (
				345B50001CA0534F00B3680F /* QuartzCore.framework */,
				27449F21A46880200B6D3450 /* libPods-Rock Paper Scissors.a */,
			);
			name = Frameworks;
			sourceTree = "<group>";
		};
/* End PBXGroup section */

/* Begin PBXNativeTarget section */
		340C95181C99AE78006BB5CC /* Rock Paper Scissors */ = {
			isa = PBXNativeTarget;
			buildConfigurationList = 340C95411C99AE78006BB5CC /* Build configuration list for PBXNativeTarget "Rock Paper Scissors" */;
			buildPhases = (
				D6E9F24CB54EC9A59EDEB676 /* Check Pods Manifest.lock */,
				340C95151C99AE78006BB5CC /* Sources */,
				340C95161C99AE78006BB5CC /* Frameworks */,
				340C95171C99AE78006BB5CC /* Resources */,
				7CBD8203527AB9FE4D186F92 /* Embed Pods Frameworks */,
				301A8E36B8DC53E19D7D3D6C /* Copy Pods Resources */,
			);
			buildRules = (
			);
			dependencies = (
			);
			name = "Rock Paper Scissors";
			productName = "Rock Paper Scissors";
			productReference = 340C95191C99AE78006BB5CC /* Rock Paper Scissors.app */;
			productType = "com.apple.product-type.application";
		};
		340C952C1C99AE78006BB5CC /* Rock Paper ScissorsTests */ = {
			isa = PBXNativeTarget;
			buildConfigurationList = 340C95441C99AE78006BB5CC /* Build configuration list for PBXNativeTarget "Rock Paper ScissorsTests" */;
			buildPhases = (
				340C95291C99AE78006BB5CC /* Sources */,
				340C952A1C99AE78006BB5CC /* Frameworks */,
				340C952B1C99AE78006BB5CC /* Resources */,
			);
			buildRules = (
			);
			dependencies = (
				340C952F1C99AE78006BB5CC /* PBXTargetDependency */,
			);
			name = "Rock Paper ScissorsTests";
			productName = "Rock Paper ScissorsTests";
			productReference = 340C952D1C99AE78006BB5CC /* Rock Paper ScissorsTests.xctest */;
			productType = "com.apple.product-type.bundle.unit-test";
		};
		340C95371C99AE78006BB5CC /* Rock Paper ScissorsUITests */ = {
			isa = PBXNativeTarget;
			buildConfigurationList = 340C95471C99AE78006BB5CC /* Build configuration list for PBXNativeTarget "Rock Paper ScissorsUITests" */;
			buildPhases = (
				340C95341C99AE78006BB5CC /* Sources */,
				340C95351C99AE78006BB5CC /* Frameworks */,
				340C95361C99AE78006BB5CC /* Resources */,
			);
			buildRules = (
			);
			dependencies = (
				340C953A1C99AE78006BB5CC /* PBXTargetDependency */,
			);
			name = "Rock Paper ScissorsUITests";
			productName = "Rock Paper ScissorsUITests";
			productReference = 340C95381C99AE78006BB5CC /* Rock Paper ScissorsUITests.xctest */;
			productType = "com.apple.product-type.bundle.ui-testing";
		};
/* End PBXNativeTarget section */

/* Begin PBXProject section */
		340C95111C99AE78006BB5CC /* Project object */ = {
			isa = PBXProject;
			attributes = {
				LastSwiftUpdateCheck = 0720;
				LastUpgradeCheck = 0720;
				ORGANIZATIONNAME = "Sahil Ishar";
				TargetAttributes = {
					340C95181C99AE78006BB5CC = {
						CreatedOnToolsVersion = 7.2.1;
					};
					340C952C1C99AE78006BB5CC = {
						CreatedOnToolsVersion = 7.2.1;
						TestTargetID = 340C95181C99AE78006BB5CC;
					};
					340C95371C99AE78006BB5CC = {
						CreatedOnToolsVersion = 7.2.1;
						TestTargetID = 340C95181C99AE78006BB5CC;
					};
				};
			};
			buildConfigurationList = 340C95141C99AE78006BB5CC /* Build configuration list for PBXProject "Rock Paper Scissors" */;
			compatibilityVersion = "Xcode 3.2";
			developmentRegion = English;
			hasScannedForEncodings = 0;
			knownRegions = (
				en,
				Base,
			);
			mainGroup = 340C95101C99AE78006BB5CC;
			productRefGroup = 340C951A1C99AE78006BB5CC /* Products */;
			projectDirPath = "";
			projectRoot = "";
			targets = (
				340C95181C99AE78006BB5CC /* Rock Paper Scissors */,
				340C952C1C99AE78006BB5CC /* Rock Paper ScissorsTests */,
				340C95371C99AE78006BB5CC /* Rock Paper ScissorsUITests */,
			);
		};
/* End PBXProject section */

/* Begin PBXResourcesBuildPhase section */
		340C95171C99AE78006BB5CC /* Resources */ = {
			isa = PBXResourcesBuildPhase;
			buildActionMask = 2147483647;
			files = (
				345B50151CA058DD00B3680F /* paper_tie.gif in Resources */,
				340524421C99BF91007ADC08 /* GameChooserView.xib in Resources */,
				345B501E1CA058DD00B3680F /* scissors_select.gif in Resources */,
				340C95271C99AE78006BB5CC /* LaunchScreen.storyboard in Resources */,
				345B50161CA058DD00B3680F /* paper_win.gif in Resources */,
				345B50131CA058DD00B3680F /* paper_loss.gif in Resources */,
				345B501A1CA058DD00B3680F /* rock_tie.gif in Resources */,
				345B50191CA058DD00B3680F /* rock_select.gif in Resources */,
				340C95241C99AE78006BB5CC /* Assets.xcassets in Resources */,
				3405244E1C99F4FC007ADC08 /* MenuTableViewCell.xib in Resources */,
				345B50121CA058DD00B3680F /* paper_deselect.gif in Resources */,
				345B50171CA058DD00B3680F /* rock_deselect.gif in Resources */,
				345B4FF71CA04DA300B3680F /* CharacterChooserView.xib in Resources */,
				345B501C1CA058DD00B3680F /* scissors_deselect.gif in Resources */,
				345B50201CA058DD00B3680F /* scissors_win.gif in Resources */,
				345B501B1CA058DD00B3680F /* rock_win.gif in Resources */,
				345B501D1CA058DD00B3680F /* scissors_loss.gif in Resources */,
				345B50181CA058DD00B3680F /* rock_loss.gif in Resources */,
				345B50141CA058DD00B3680F /* paper_select.gif in Resources */,
				345B501F1CA058DD00B3680F /* scissors_tie.gif in Resources */,
				340C95221C99AE78006BB5CC /* Main.storyboard in Resources */,
			);
			runOnlyForDeploymentPostprocessing = 0;
		};
		340C952B1C99AE78006BB5CC /* Resources */ = {
			isa = PBXResourcesBuildPhase;
			buildActionMask = 2147483647;
			files = (
			);
			runOnlyForDeploymentPostprocessing = 0;
		};
		340C95361C99AE78006BB5CC /* Resources */ = {
			isa = PBXResourcesBuildPhase;
			buildActionMask = 2147483647;
			files = (
			);
			runOnlyForDeploymentPostprocessing = 0;
		};
/* End PBXResourcesBuildPhase section */

/* Begin PBXShellScriptBuildPhase section */
		301A8E36B8DC53E19D7D3D6C /* Copy Pods Resources */ = {
			isa = PBXShellScriptBuildPhase;
			buildActionMask = 2147483647;
			files = (
			);
			inputPaths = (
			);
			name = "Copy Pods Resources";
			outputPaths = (
			);
			runOnlyForDeploymentPostprocessing = 0;
			shellPath = /bin/sh;
			shellScript = "\"${SRCROOT}/Pods/Target Support Files/Pods-Rock Paper Scissors/Pods-Rock Paper Scissors-resources.sh\"\n";
			showEnvVarsInLog = 0;
		};
		7CBD8203527AB9FE4D186F92 /* Embed Pods Frameworks */ = {
			isa = PBXShellScriptBuildPhase;
			buildActionMask = 2147483647;
			files = (
			);
			inputPaths = (
			);
			name = "Embed Pods Frameworks";
			outputPaths = (
			);
			runOnlyForDeploymentPostprocessing = 0;
			shellPath = /bin/sh;
			shellScript = "\"${SRCROOT}/Pods/Target Support Files/Pods-Rock Paper Scissors/Pods-Rock Paper Scissors-frameworks.sh\"\n";
			showEnvVarsInLog = 0;
		};
		D6E9F24CB54EC9A59EDEB676 /* Check Pods Manifest.lock */ = {
			isa = PBXShellScriptBuildPhase;
			buildActionMask = 2147483647;
			files = (
			);
			inputPaths = (
			);
			name = "Check Pods Manifest.lock";
			outputPaths = (
			);
			runOnlyForDeploymentPostprocessing = 0;
			shellPath = /bin/sh;
			shellScript = "diff \"${PODS_ROOT}/../Podfile.lock\" \"${PODS_ROOT}/Manifest.lock\" > /dev/null\nif [[ $? != 0 ]] ; then\n    cat << EOM\nerror: The sandbox is not in sync with the Podfile.lock. Run 'pod install' or update your CocoaPods installation.\nEOM\n    exit 1\nfi\n";
			showEnvVarsInLog = 0;
		};
/* End PBXShellScriptBuildPhase section */

/* Begin PBXSourcesBuildPhase section */
		340C95151C99AE78006BB5CC /* Sources */ = {
			isa = PBXSourcesBuildPhase;
			buildActionMask = 2147483647;
			files = (
				3406CD971C9C84990012A253 /* SingleGameViewController.swift in Sources */,
				340524401C99BF83007ADC08 /* GameChooserView.swift in Sources */,
				3406CD991C9C84AE0012A253 /* SingleGameReadyViewController.swift in Sources */,
				3406CD921C9C6BAE0012A253 /* WelcomeViewController.swift in Sources */,
				3405244A1C99F203007ADC08 /* MenuViewController.swift in Sources */,
				3405244C1C99F45C007ADC08 /* MenuTableViewCell.swift in Sources */,
				34BC66471C9AF85C0010EF75 /* AboutViewController.swift in Sources */,
				345B50261CA08A5B00B3680F /* FLAnimatedImageView.m in Sources */,
				340C951D1C99AE78006BB5CC /* AppDelegate.swift in Sources */,
				345B4FF51CA04D3100B3680F /* CharacterChooserView.swift in Sources */,
				345B50251CA08A5B00B3680F /* FLAnimatedImage.m in Sources */,
				3406CD9B1C9C95990012A253 /* GameInfoViewController.swift in Sources */,
				340524481C99ED4F007ADC08 /* RPSMainViewController.swift in Sources */,
				3405243D1C99B7E1007ADC08 /* NewGameViewController.swift in Sources */,
			);
			runOnlyForDeploymentPostprocessing = 0;
		};
		340C95291C99AE78006BB5CC /* Sources */ = {
			isa = PBXSourcesBuildPhase;
			buildActionMask = 2147483647;
			files = (
				340C95321C99AE78006BB5CC /* Rock_Paper_ScissorsTests.swift in Sources */,
			);
			runOnlyForDeploymentPostprocessing = 0;
		};
		340C95341C99AE78006BB5CC /* Sources */ = {
			isa = PBXSourcesBuildPhase;
			buildActionMask = 2147483647;
			files = (
				340C953D1C99AE78006BB5CC /* Rock_Paper_ScissorsUITests.swift in Sources */,
			);
			runOnlyForDeploymentPostprocessing = 0;
		};
/* End PBXSourcesBuildPhase section */

/* Begin PBXTargetDependency section */
		340C952F1C99AE78006BB5CC /* PBXTargetDependency */ = {
			isa = PBXTargetDependency;
			target = 340C95181C99AE78006BB5CC /* Rock Paper Scissors */;
			targetProxy = 340C952E1C99AE78006BB5CC /* PBXContainerItemProxy */;
		};
		340C953A1C99AE78006BB5CC /* PBXTargetDependency */ = {
			isa = PBXTargetDependency;
			target = 340C95181C99AE78006BB5CC /* Rock Paper Scissors */;
			targetProxy = 340C95391C99AE78006BB5CC /* PBXContainerItemProxy */;
		};
/* End PBXTargetDependency section */

/* Begin PBXVariantGroup section */
		340C95201C99AE78006BB5CC /* Main.storyboard */ = {
			isa = PBXVariantGroup;
			children = (
				340C95211C99AE78006BB5CC /* Base */,
			);
			name = Main.storyboard;
			sourceTree = "<group>";
		};
		340C95251C99AE78006BB5CC /* LaunchScreen.storyboard */ = {
			isa = PBXVariantGroup;
			children = (
				340C95261C99AE78006BB5CC /* Base */,
			);
			name = LaunchScreen.storyboard;
			sourceTree = "<group>";
		};
/* End PBXVariantGroup section */

/* Begin XCBuildConfiguration section */
		340C953F1C99AE78006BB5CC /* Debug */ = {
			isa = XCBuildConfiguration;
			buildSettings = {
				ALWAYS_SEARCH_USER_PATHS = NO;
				CLANG_CXX_LANGUAGE_STANDARD = "gnu++0x";
				CLANG_CXX_LIBRARY = "libc++";
				CLANG_ENABLE_MODULES = YES;
				CLANG_ENABLE_OBJC_ARC = YES;
				CLANG_WARN_BOOL_CONVERSION = YES;
				CLANG_WARN_CONSTANT_CONVERSION = YES;
				CLANG_WARN_DIRECT_OBJC_ISA_USAGE = YES_ERROR;
				CLANG_WARN_EMPTY_BODY = YES;
				CLANG_WARN_ENUM_CONVERSION = YES;
				CLANG_WARN_INT_CONVERSION = YES;
				CLANG_WARN_OBJC_ROOT_CLASS = YES_ERROR;
				CLANG_WARN_UNREACHABLE_CODE = YES;
				CLANG_WARN__DUPLICATE_METHOD_MATCH = YES;
				"CODE_SIGN_IDENTITY[sdk=iphoneos*]" = "iPhone Developer";
				COPY_PHASE_STRIP = NO;
				DEBUG_INFORMATION_FORMAT = dwarf;
				ENABLE_STRICT_OBJC_MSGSEND = YES;
				ENABLE_TESTABILITY = YES;
				GCC_C_LANGUAGE_STANDARD = gnu99;
				GCC_DYNAMIC_NO_PIC = NO;
				GCC_NO_COMMON_BLOCKS = YES;
				GCC_OPTIMIZATION_LEVEL = 0;
				GCC_PREPROCESSOR_DEFINITIONS = (
					"DEBUG=1",
					"$(inherited)",
				);
				GCC_WARN_64_TO_32_BIT_CONVERSION = YES;
				GCC_WARN_ABOUT_RETURN_TYPE = YES_ERROR;
				GCC_WARN_UNDECLARED_SELECTOR = YES;
				GCC_WARN_UNINITIALIZED_AUTOS = YES_AGGRESSIVE;
				GCC_WARN_UNUSED_FUNCTION = YES;
				GCC_WARN_UNUSED_VARIABLE = YES;
				IPHONEOS_DEPLOYMENT_TARGET = 9.2;
				MTL_ENABLE_DEBUG_INFO = YES;
				ONLY_ACTIVE_ARCH = YES;
				SDKROOT = iphoneos;
				SWIFT_OPTIMIZATION_LEVEL = "-Onone";
			};
			name = Debug;
		};
		340C95401C99AE78006BB5CC /* Release */ = {
			isa = XCBuildConfiguration;
			buildSettings = {
				ALWAYS_SEARCH_USER_PATHS = NO;
				CLANG_CXX_LANGUAGE_STANDARD = "gnu++0x";
				CLANG_CXX_LIBRARY = "libc++";
				CLANG_ENABLE_MODULES = YES;
				CLANG_ENABLE_OBJC_ARC = YES;
				CLANG_WARN_BOOL_CONVERSION = YES;
				CLANG_WARN_CONSTANT_CONVERSION = YES;
				CLANG_WARN_DIRECT_OBJC_ISA_USAGE = YES_ERROR;
				CLANG_WARN_EMPTY_BODY = YES;
				CLANG_WARN_ENUM_CONVERSION = YES;
				CLANG_WARN_INT_CONVERSION = YES;
				CLANG_WARN_OBJC_ROOT_CLASS = YES_ERROR;
				CLANG_WARN_UNREACHABLE_CODE = YES;
				CLANG_WARN__DUPLICATE_METHOD_MATCH = YES;
				"CODE_SIGN_IDENTITY[sdk=iphoneos*]" = "iPhone Developer";
				COPY_PHASE_STRIP = NO;
				DEBUG_INFORMATION_FORMAT = "dwarf-with-dsym";
				ENABLE_NS_ASSERTIONS = NO;
				ENABLE_STRICT_OBJC_MSGSEND = YES;
				GCC_C_LANGUAGE_STANDARD = gnu99;
				GCC_NO_COMMON_BLOCKS = YES;
				GCC_WARN_64_TO_32_BIT_CONVERSION = YES;
				GCC_WARN_ABOUT_RETURN_TYPE = YES_ERROR;
				GCC_WARN_UNDECLARED_SELECTOR = YES;
				GCC_WARN_UNINITIALIZED_AUTOS = YES_AGGRESSIVE;
				GCC_WARN_UNUSED_FUNCTION = YES;
				GCC_WARN_UNUSED_VARIABLE = YES;
				IPHONEOS_DEPLOYMENT_TARGET = 9.2;
				MTL_ENABLE_DEBUG_INFO = NO;
				SDKROOT = iphoneos;
				VALIDATE_PRODUCT = YES;
			};
			name = Release;
		};
		340C95421C99AE78006BB5CC /* Debug */ = {
			isa = XCBuildConfiguration;
			baseConfigurationReference = 82D0C36D87D37F75DDEC6371 /* Pods-Rock Paper Scissors.debug.xcconfig */;
			buildSettings = {
				ASSETCATALOG_COMPILER_APPICON_NAME = AppIcon;
				CLANG_ENABLE_MODULES = YES;
				INFOPLIST_FILE = "Rock Paper Scissors/Info.plist";
				LD_RUNPATH_SEARCH_PATHS = "$(inherited) @executable_path/Frameworks";
				PRODUCT_BUNDLE_IDENTIFIER = "co.touchlab.rps.Rock-Paper-Scissors";
				PRODUCT_NAME = "$(TARGET_NAME)";
				SWIFT_OBJC_BRIDGING_HEADER = "Rock Paper Scissors/Rock Paper Scissors-Bridging-Header.h";
				SWIFT_OPTIMIZATION_LEVEL = "-Onone";
			};
			name = Debug;
		};
		340C95431C99AE78006BB5CC /* Release */ = {
			isa = XCBuildConfiguration;
			baseConfigurationReference = 12BC0CCADD341AA3AEB7158A /* Pods-Rock Paper Scissors.release.xcconfig */;
			buildSettings = {
				ASSETCATALOG_COMPILER_APPICON_NAME = AppIcon;
				CLANG_ENABLE_MODULES = YES;
				INFOPLIST_FILE = "Rock Paper Scissors/Info.plist";
				LD_RUNPATH_SEARCH_PATHS = "$(inherited) @executable_path/Frameworks";
				PRODUCT_BUNDLE_IDENTIFIER = "co.touchlab.rps.Rock-Paper-Scissors";
				PRODUCT_NAME = "$(TARGET_NAME)";
				SWIFT_OBJC_BRIDGING_HEADER = "Rock Paper Scissors/Rock Paper Scissors-Bridging-Header.h";
			};
			name = Release;
		};
		340C95451C99AE78006BB5CC /* Debug */ = {
			isa = XCBuildConfiguration;
			buildSettings = {
				BUNDLE_LOADER = "$(TEST_HOST)";
				INFOPLIST_FILE = "Rock Paper ScissorsTests/Info.plist";
				LD_RUNPATH_SEARCH_PATHS = "$(inherited) @executable_path/Frameworks @loader_path/Frameworks";
				PRODUCT_BUNDLE_IDENTIFIER = "co.touchlab.rps.Rock-Paper-ScissorsTests";
				PRODUCT_NAME = "$(TARGET_NAME)";
				TEST_HOST = "$(BUILT_PRODUCTS_DIR)/Rock Paper Scissors.app/Rock Paper Scissors";
			};
			name = Debug;
		};
		340C95461C99AE78006BB5CC /* Release */ = {
			isa = XCBuildConfiguration;
			buildSettings = {
				BUNDLE_LOADER = "$(TEST_HOST)";
				INFOPLIST_FILE = "Rock Paper ScissorsTests/Info.plist";
				LD_RUNPATH_SEARCH_PATHS = "$(inherited) @executable_path/Frameworks @loader_path/Frameworks";
				PRODUCT_BUNDLE_IDENTIFIER = "co.touchlab.rps.Rock-Paper-ScissorsTests";
				PRODUCT_NAME = "$(TARGET_NAME)";
				TEST_HOST = "$(BUILT_PRODUCTS_DIR)/Rock Paper Scissors.app/Rock Paper Scissors";
			};
			name = Release;
		};
		340C95481C99AE78006BB5CC /* Debug */ = {
			isa = XCBuildConfiguration;
			buildSettings = {
				INFOPLIST_FILE = "Rock Paper ScissorsUITests/Info.plist";
				LD_RUNPATH_SEARCH_PATHS = "$(inherited) @executable_path/Frameworks @loader_path/Frameworks";
				PRODUCT_BUNDLE_IDENTIFIER = "co.touchlab.rps.Rock-Paper-ScissorsUITests";
				PRODUCT_NAME = "$(TARGET_NAME)";
				TEST_TARGET_NAME = "Rock Paper Scissors";
				USES_XCTRUNNER = YES;
			};
			name = Debug;
		};
		340C95491C99AE78006BB5CC /* Release */ = {
			isa = XCBuildConfiguration;
			buildSettings = {
				INFOPLIST_FILE = "Rock Paper ScissorsUITests/Info.plist";
				LD_RUNPATH_SEARCH_PATHS = "$(inherited) @executable_path/Frameworks @loader_path/Frameworks";
				PRODUCT_BUNDLE_IDENTIFIER = "co.touchlab.rps.Rock-Paper-ScissorsUITests";
				PRODUCT_NAME = "$(TARGET_NAME)";
				TEST_TARGET_NAME = "Rock Paper Scissors";
				USES_XCTRUNNER = YES;
			};
			name = Release;
		};
/* End XCBuildConfiguration section */

/* Begin XCConfigurationList section */
		340C95141C99AE78006BB5CC /* Build configuration list for PBXProject "Rock Paper Scissors" */ = {
			isa = XCConfigurationList;
			buildConfigurations = (
				340C953F1C99AE78006BB5CC /* Debug */,
				340C95401C99AE78006BB5CC /* Release */,
			);
			defaultConfigurationIsVisible = 0;
			defaultConfigurationName = Release;
		};
		340C95411C99AE78006BB5CC /* Build configuration list for PBXNativeTarget "Rock Paper Scissors" */ = {
			isa = XCConfigurationList;
			buildConfigurations = (
				340C95421C99AE78006BB5CC /* Debug */,
				340C95431C99AE78006BB5CC /* Release */,
			);
			defaultConfigurationIsVisible = 0;
			defaultConfigurationName = Release;
		};
		340C95441C99AE78006BB5CC /* Build configuration list for PBXNativeTarget "Rock Paper ScissorsTests" */ = {
			isa = XCConfigurationList;
			buildConfigurations = (
				340C95451C99AE78006BB5CC /* Debug */,
				340C95461C99AE78006BB5CC /* Release */,
			);
			defaultConfigurationIsVisible = 0;
			defaultConfigurationName = Release;
		};
		340C95471C99AE78006BB5CC /* Build configuration list for PBXNativeTarget "Rock Paper ScissorsUITests" */ = {
			isa = XCConfigurationList;
			buildConfigurations = (
				340C95481C99AE78006BB5CC /* Debug */,
				340C95491C99AE78006BB5CC /* Release */,
			);
			defaultConfigurationIsVisible = 0;
			defaultConfigurationName = Release;
		};
/* End XCConfigurationList section */
	};
	rootObject = 340C95111C99AE78006BB5CC /* Project object */;
}
